<?xml version="1.0" encoding="utf-8"?>
<Project ToolsVersion="4.0" xmlns="http://schemas.microsoft.com/developer/msbuild/2003">
  <ItemGroup>
    <Filter Include="Genesis">
      <UniqueIdentifier>{535FBF50-BF3E-3EEC-C856-C9C234B5A44D}</UniqueIdentifier>
    </Filter>
  </ItemGroup>
  <ItemGroup>
    <ClInclude Include="src\Genesis.h" />
    <ClInclude Include="src\Genesis\Application.h">
      <Filter>Genesis</Filter>
    </ClInclude>
    <ClInclude Include="src\Genesis\Core.h">
      <Filter>Genesis</Filter>
    </ClInclude>
    <ClInclude Include="src\Genesis\EntryPoint.h">
      <Filter>Genesis</Filter>
    </ClInclude>
    <ClInclude Include="src\Genesis\Log.h">
      <Filter>Genesis</Filter>
    </ClInclude>
  </ItemGroup>
  <ItemGroup>
    <ClCompile Include="src\Genesis\Application.cpp">
      <Filter>Genesis</Filter>
    </ClCompile>
    <ClCompile Include="src\Genesis\Log.cpp">
      <Filter>Genesis</Filter>
    </ClCompile>
  </ItemGroup>
</Project>